// !$*UTF8*$!
{
	archiveVersion = 1;
	classes = {
	};
	objectVersion = 50;
	objects = {

/* Begin PBXBuildFile section */
		FE95DA4D20B7097200AC8E0D /* AppDelegate.swift in Sources */ = {isa = PBXBuildFile; fileRef = FE95DA4C20B7097200AC8E0D /* AppDelegate.swift */; };
		FE95DA4F20B7097200AC8E0D /* ViewController.swift in Sources */ = {isa = PBXBuildFile; fileRef = FE95DA4E20B7097200AC8E0D /* ViewController.swift */; };
		FE95DA5220B7097200AC8E0D /* Main.storyboard in Resources */ = {isa = PBXBuildFile; fileRef = FE95DA5020B7097200AC8E0D /* Main.storyboard */; };
		FE95DA5420B7097400AC8E0D /* Assets.xcassets in Resources */ = {isa = PBXBuildFile; fileRef = FE95DA5320B7097400AC8E0D /* Assets.xcassets */; };
		FE95DA5720B7097400AC8E0D /* LaunchScreen.storyboard in Resources */ = {isa = PBXBuildFile; fileRef = FE95DA5520B7097400AC8E0D /* LaunchScreen.storyboard */; };
		FE95DA6120B76AAD00AC8E0D /* AddCarViewController.swift in Sources */ = {isa = PBXBuildFile; fileRef = FE95DA6020B76AAD00AC8E0D /* AddCarViewController.swift */; };
		FE95DA6920B7DBA400AC8E0D /* CommonManager.swift in Sources */ = {isa = PBXBuildFile; fileRef = FE95DA6820B7DBA400AC8E0D /* CommonManager.swift */; };
		FE95DA6B20B7DD0400AC8E0D /* HistoryViewController.swift in Sources */ = {isa = PBXBuildFile; fileRef = FE95DA6A20B7DD0400AC8E0D /* HistoryViewController.swift */; };
/* End PBXBuildFile section */

/* Begin PBXFileReference section */
		FE95DA4920B7097200AC8E0D /* L6G521.app */ = {isa = PBXFileReference; explicitFileType = wrapper.application; includeInIndex = 0; path = L6G521.app; sourceTree = BUILT_PRODUCTS_DIR; };
		FE95DA4C20B7097200AC8E0D /* AppDelegate.swift */ = {isa = PBXFileReference; lastKnownFileType = sourcecode.swift; path = AppDelegate.swift; sourceTree = "<group>"; };
		FE95DA4E20B7097200AC8E0D /* ViewController.swift */ = {isa = PBXFileReference; lastKnownFileType = sourcecode.swift; path = ViewController.swift; sourceTree = "<group>"; };
		FE95DA5120B7097200AC8E0D /* Base */ = {isa = PBXFileReference; lastKnownFileType = file.storyboard; name = Base; path = Base.lproj/Main.storyboard; sourceTree = "<group>"; };
		FE95DA5320B7097400AC8E0D /* Assets.xcassets */ = {isa = PBXFileReference; lastKnownFileType = folder.assetcatalog; path = Assets.xcassets; sourceTree = "<group>"; };
		FE95DA5620B7097400AC8E0D /* Base */ = {isa = PBXFileReference; lastKnownFileType = file.storyboard; name = Base; path = Base.lproj/LaunchScreen.storyboard; sourceTree = "<group>"; };
		FE95DA5820B7097400AC8E0D /* Info.plist */ = {isa = PBXFileReference; lastKnownFileType = text.plist.xml; path = Info.plist; sourceTree = "<group>"; };
		FE95DA6020B76AAD00AC8E0D /* AddCarViewController.swift */ = {isa = PBXFileReference; lastKnownFileType = sourcecode.swift; path = AddCarViewController.swift; sourceTree = "<group>"; };
		FE95DA6820B7DBA400AC8E0D /* CommonManager.swift */ = {isa = PBXFileReference; lastKnownFileType = sourcecode.swift; path = CommonManager.swift; sourceTree = "<group>"; };
		FE95DA6A20B7DD0400AC8E0D /* HistoryViewController.swift */ = {isa = PBXFileReference; lastKnownFileType = sourcecode.swift; path = HistoryViewController.swift; sourceTree = "<group>"; };
/* End PBXFileReference section */

/* Begin PBXFrameworksBuildPhase section */
		FE95DA4620B7097200AC8E0D /* Frameworks */ = {
			isa = PBXFrameworksBuildPhase;
			buildActionMask = 2147483647;
			files = (
			);
			runOnlyForDeploymentPostprocessing = 0;
		};
/* End PBXFrameworksBuildPhase section */

/* Begin PBXGroup section */
		FE95DA4020B7097200AC8E0D = {
			isa = PBXGroup;
			children = (
				FE95DA4B20B7097200AC8E0D /* L6G521 */,
				FE95DA4A20B7097200AC8E0D /* Products */,
			);
			sourceTree = "<group>";
		};
		FE95DA4A20B7097200AC8E0D /* Products */ = {
			isa = PBXGroup;
			children = (
				FE95DA4920B7097200AC8E0D /* L6G521.app */,
			);
			name = Products;
			sourceTree = "<group>";
		};
		FE95DA4B20B7097200AC8E0D /* L6G521 */ = {
			isa = PBXGroup;
			children = (
				FE95DA4C20B7097200AC8E0D /* AppDelegate.swift */,
				FE95DA4E20B7097200AC8E0D /* ViewController.swift */,
				FE95DA6820B7DBA400AC8E0D /* CommonManager.swift */,
				FE95DA6020B76AAD00AC8E0D /* AddCarViewController.swift */,
				FE95DA6A20B7DD0400AC8E0D /* HistoryViewController.swift */,
				FE95DA5020B7097200AC8E0D /* Main.storyboard */,
				FE95DA5320B7097400AC8E0D /* Assets.xcassets */,
				FE95DA5520B7097400AC8E0D /* LaunchScreen.storyboard */,
				FE95DA5820B7097400AC8E0D /* Info.plist */,
			);
			path = L6G521;
			sourceTree = "<group>";
		};
/* End PBXGroup section */

/* Begin PBXNativeTarget section */
		FE95DA4820B7097200AC8E0D /* L6G521 */ = {
			isa = PBXNativeTarget;
			buildConfigurationList = FE95DA5B20B7097400AC8E0D /* Build configuration list for PBXNativeTarget "L6G521" */;
			buildPhases = (
				FE95DA4520B7097200AC8E0D /* Sources */,
				FE95DA4620B7097200AC8E0D /* Frameworks */,
				FE95DA4720B7097200AC8E0D /* Resources */,
			);
			buildRules = (
			);
			dependencies = (
			);
			name = L6G521;
			productName = L6G521;
			productReference = FE95DA4920B7097200AC8E0D /* L6G521.app */;
			productType = "com.apple.product-type.application";
		};
/* End PBXNativeTarget section */

/* Begin PBXProject section */
		FE95DA4120B7097200AC8E0D /* Project object */ = {
			isa = PBXProject;
			attributes = {
				LastSwiftUpdateCheck = 0930;
				LastUpgradeCheck = 0930;
				ORGANIZATIONNAME = "Slava Utyuzh";
				TargetAttributes = {
					FE95DA4820B7097200AC8E0D = {
						CreatedOnToolsVersion = 9.3.1;
					};
				};
			};
			buildConfigurationList = FE95DA4420B7097200AC8E0D /* Build configuration list for PBXProject "L6G521" */;
			compatibilityVersion = "Xcode 9.3";
			developmentRegion = en;
			hasScannedForEncodings = 0;
			knownRegions = (
				en,
				Base,
			);
			mainGroup = FE95DA4020B7097200AC8E0D;
			productRefGroup = FE95DA4A20B7097200AC8E0D /* Products */;
			projectDirPath = "";
			projectRoot = "";
			targets = (
				FE95DA4820B7097200AC8E0D /* L6G521 */,
			);
		};
/* End PBXProject section */

/* Begin PBXResourcesBuildPhase section */
		FE95DA4720B7097200AC8E0D /* Resources */ = {
			isa = PBXResourcesBuildPhase;
			buildActionMask = 2147483647;
			files = (
				FE95DA5720B7097400AC8E0D /* LaunchScreen.storyboard in Resources */,
				FE95DA5420B7097400AC8E0D /* Assets.xcassets in Resources */,
				FE95DA5220B7097200AC8E0D /* Main.storyboard in Resources */,
			);
			runOnlyForDeploymentPostprocessing = 0;
		};
/* End PBXResourcesBuildPhase section */

/* Begin PBXSourcesBuildPhase section */
		FE95DA4520B7097200AC8E0D /* Sources */ = {
			isa = PBXSourcesBuildPhase;
			buildActionMask = 2147483647;
			files = (
				FE95DA6120B76AAD00AC8E0D /* AddCarViewController.swift in Sources */,
				FE95DA4F20B7097200AC8E0D /* ViewController.swift in Sources */,
				FE95DA6920B7DBA400AC8E0D /* CommonManager.swift in Sources */,
				FE95DA6B20B7DD0400AC8E0D /* HistoryViewController.swift in Sources */,
				FE95DA4D20B7097200AC8E0D /* AppDelegate.swift in Sources */,
			);
			runOnlyForDeploymentPostprocessing = 0;
		};
/* End PBXSourcesBuildPhase section */

/* Begin PBXVariantGroup section */
		FE95DA5020B7097200AC8E0D /* Main.storyboard */ = {
			isa = PBXVariantGroup;
			children = (
				FE95DA5120B7097200AC8E0D /* Base */,
			);
			name = Main.storyboard;
			sourceTree = "<group>";
		};
		FE95DA5520B7097400AC8E0D /* LaunchScreen.storyboard */ = {
			isa = PBXVariantGroup;
			children = (
				FE95DA5620B7097400AC8E0D /* Base */,
			);
			name = LaunchScreen.storyboard;
			sourceTree = "<group>";
		};
/* End PBXVariantGroup section */

/* Begin XCBuildConfiguration section */
		FE95DA5920B7097400AC8E0D /* Debug */ = {
			isa = XCBuildConfiguration;
			buildSettings = {
				ALWAYS_SEARCH_USER_PATHS = NO;
				CLANG_ANALYZER_NONNULL = YES;
				CLANG_ANALYZER_NUMBER_OBJECT_CONVERSION = YES_AGGRESSIVE;
				CLANG_CXX_LANGUAGE_STANDARD = "gnu++14";
				CLANG_CXX_LIBRARY = "libc++";
				CLANG_ENABLE_MODULES = YES;
				CLANG_ENABLE_OBJC_ARC = YES;
				CLANG_ENABLE_OBJC_WEAK = YES;
				CLANG_WARN_BLOCK_CAPTURE_AUTORELEASING = YES;
				CLANG_WARN_BOOL_CONVERSION = YES;
				CLANG_WARN_COMMA = YES;
				CLANG_WARN_CONSTANT_CONVERSION = YES;
				CLANG_WARN_DEPRECATED_OBJC_IMPLEMENTATIONS = YES;
				CLANG_WARN_DIRECT_OBJC_ISA_USAGE = YES_ERROR;
				CLANG_WARN_DOCUMENTATION_COMMENTS = YES;
				CLANG_WARN_EMPTY_BODY = YES;
				CLANG_WARN_ENUM_CONVERSION = YES;
				CLANG_WARN_INFINITE_RECURSION = YES;
				CLANG_WARN_INT_CONVERSION = YES;
				CLANG_WARN_NON_LITERAL_NULL_CONVERSION = YES;
				CLANG_WARN_OBJC_IMPLICIT_RETAIN_SELF = YES;
				CLANG_WARN_OBJC_LITERAL_CONVERSION = YES;
				CLANG_WARN_OBJC_ROOT_CLASS = YES_ERROR;
				CLANG_WARN_RANGE_LOOP_ANALYSIS = YES;
				CLANG_WARN_STRICT_PROTOTYPES = YES;
				CLANG_WARN_SUSPICIOUS_MOVE = YES;
				CLANG_WARN_UNGUARDED_AVAILABILITY = YES_AGGRESSIVE;
				CLANG_WARN_UNREACHABLE_CODE = YES;
				CLANG_WARN__DUPLICATE_METHOD_MATCH = YES;
				CODE_SIGN_IDENTITY = "iPhone Developer";
				COPY_PHASE_STRIP = NO;
				DEBUG_INFORMATION_FORMAT = dwarf;
				ENABLE_STRICT_OBJC_MSGSEND = YES;
				ENABLE_TESTABILITY = YES;
				GCC_C_LANGUAGE_STANDARD = gnu11;
				GCC_DYNAMIC_NO_PIC = NO;
				GCC_NO_COMMON_BLOCKS = YES;
				GCC_OPTIMIZATION_LEVEL = 0;
				GCC_PREPROCESSOR_DEFINITIONS = (
					"DEBUG=1",
					"$(inherited)",
				);
				GCC_WARN_64_TO_32_BIT_CONVERSION = YES;
				GCC_WARN_ABOUT_RETURN_TYPE = YES_ERROR;
				GCC_WARN_UNDECLARED_SELECTOR = YES;
				GCC_WARN_UNINITIALIZED_AUTOS = YES_AGGRESSIVE;
				GCC_WARN_UNUSED_FUNCTION = YES;
				GCC_WARN_UNUSED_VARIABLE = YES;
				IPHONEOS_DEPLOYMENT_TARGET = 11.3;
				MTL_ENABLE_DEBUG_INFO = YES;
				ONLY_ACTIVE_ARCH = YES;
				SDKROOT = iphoneos;
				SWIFT_ACTIVE_COMPILATION_CONDITIONS = DEBUG;
				SWIFT_OPTIMIZATION_LEVEL = "-Onone";
			};
			name = Debug;
		};
		FE95DA5A20B7097400AC8E0D /* Release */ = {
			isa = XCBuildConfiguration;
			buildSettings = {
				ALWAYS_SEARCH_USER_PATHS = NO;
				CLANG_ANALYZER_NONNULL = YES;
				CLANG_ANALYZER_NUMBER_OBJECT_CONVERSION = YES_AGGRESSIVE;
				CLANG_CXX_LANGUAGE_STANDARD = "gnu++14";
				CLANG_CXX_LIBRARY = "libc++";
				CLANG_ENABLE_MODULES = YES;
				CLANG_ENABLE_OBJC_ARC = YES;
				CLANG_ENABLE_OBJC_WEAK = YES;
				CLANG_WARN_BLOCK_CAPTURE_AUTORELEASING = YES;
				CLANG_WARN_BOOL_CONVERSION = YES;
				CLANG_WARN_COMMA = YES;
				CLANG_WARN_CONSTANT_CONVERSION = YES;
				CLANG_WARN_DEPRECATED_OBJC_IMPLEMENTATIONS = YES;
				CLANG_WARN_DIRECT_OBJC_ISA_USAGE = YES_ERROR;
				CLANG_WARN_DOCUMENTATION_COMMENTS = YES;
				CLANG_WARN_EMPTY_BODY = YES;
				CLANG_WARN_ENUM_CONVERSION = YES;
				CLANG_WARN_INFINITE_RECURSION = YES;
				CLANG_WARN_INT_CONVERSION = YES;
				CLANG_WARN_NON_LITERAL_NULL_CONVERSION = YES;
				CLANG_WARN_OBJC_IMPLICIT_RETAIN_SELF = YES;
				CLANG_WARN_OBJC_LITERAL_CONVERSION = YES;
				CLANG_WARN_OBJC_ROOT_CLASS = YES_ERROR;
				CLANG_WARN_RANGE_LOOP_ANALYSIS = YES;
				CLANG_WARN_STRICT_PROTOTYPES = YES;
				CLANG_WARN_SUSPICIOUS_MOVE = YES;
				CLANG_WARN_UNGUARDED_AVAILABILITY = YES_AGGRESSIVE;
				CLANG_WARN_UNREACHABLE_CODE = YES;
				CLANG_WARN__DUPLICATE_METHOD_MATCH = YES;
				CODE_SIGN_IDENTITY = "iPhone Developer";
				COPY_PHASE_STRIP = NO;
				DEBUG_INFORMATION_FORMAT = "dwarf-with-dsym";
				ENABLE_NS_ASSERTIONS = NO;
				ENABLE_STRICT_OBJC_MSGSEND = YES;
				GCC_C_LANGUAGE_STANDARD = gnu11;
				GCC_NO_COMMON_BLOCKS = YES;
				GCC_WARN_64_TO_32_BIT_CONVERSION = YES;
				GCC_WARN_ABOUT_RETURN_TYPE = YES_ERROR;
				GCC_WARN_UNDECLARED_SELECTOR = YES;
				GCC_WARN_UNINITIALIZED_AUTOS = YES_AGGRESSIVE;
				GCC_WARN_UNUSED_FUNCTION = YES;
				GCC_WARN_UNUSED_VARIABLE = YES;
				IPHONEOS_DEPLOYMENT_TARGET = 11.3;
				MTL_ENABLE_DEBUG_INFO = NO;
				SDKROOT = iphoneos;
				SWIFT_COMPILATION_MODE = wholemodule;
				SWIFT_OPTIMIZATION_LEVEL = "-O";
				VALIDATE_PRODUCT = YES;
			};
			name = Release;
		};
		FE95DA5C20B7097400AC8E0D /* Debug */ = {
			isa = XCBuildConfiguration;
			buildSettings = {
				ASSETCATALOG_COMPILER_APPICON_NAME = AppIcon;
				CODE_SIGN_STYLE = Automatic;
				INFOPLIST_FILE = L6G521/Info.plist;
				LD_RUNPATH_SEARCH_PATHS = (
					"$(inherited)",
					"@executable_path/Frameworks",
				);
				PRODUCT_BUNDLE_IDENTIFIER = IOSAppDeveloper.L6G521;
				PRODUCT_NAME = "$(TARGET_NAME)";
				SWIFT_VERSION = 4.0;
				TARGETED_DEVICE_FAMILY = "1,2";
			};
			name = Debug;
		};
		FE95DA5D20B7097400AC8E0D /* Release */ = {
			isa = XCBuildConfiguration;
			buildSettings = {
				ASSETCATALOG_COMPILER_APPICON_NAME = AppIcon;
				CODE_SIGN_STYLE = Automatic;
				INFOPLIST_FILE = L6G521/Info.plist;
				LD_RUNPATH_SEARCH_PATHS = (
					"$(inherited)",
					"@executable_path/Frameworks",
				);
				PRODUCT_BUNDLE_IDENTIFIER = IOSAppDeveloper.L6G521;
				PRODUCT_NAME = "$(TARGET_NAME)";
				SWIFT_VERSION = 4.0;
				TARGETED_DEVICE_FAMILY = "1,2";
			};
			name = Release;
		};
/* End XCBuildConfiguration section */

/* Begin XCConfigurationList section */
		FE95DA4420B7097200AC8E0D /* Build configuration list for PBXProject "L6G521" */ = {
			isa = XCConfigurationList;
			buildConfigurations = (
				FE95DA5920B7097400AC8E0D /* Debug */,
				FE95DA5A20B7097400AC8E0D /* Release */,
			);
			defaultConfigurationIsVisible = 0;
			defaultConfigurationName = Release;
		};
		FE95DA5B20B7097400AC8E0D /* Build configuration list for PBXNativeTarget "L6G521" */ = {
			isa = XCConfigurationList;
			buildConfigurations = (
				FE95DA5C20B7097400AC8E0D /* Debug */,
				FE95DA5D20B7097400AC8E0D /* Release */,
			);
			defaultConfigurationIsVisible = 0;
			defaultConfigurationName = Release;
		};
/* End XCConfigurationList section */
	};
	rootObject = FE95DA4120B7097200AC8E0D /* Project object */;
}
